
Microsoft Visual Studio Solution File, Format Version 12.00
# Visual Studio Version 16
VisualStudioVersion = 16.0.28922.388
MinimumVisualStudioVersion = 10.0.40219.1
Project("{2150E333-8FDC-42A3-9474-1A3956D46DE8}") = "Src", "Src", "{02DF3C0E-D252-4558-8E64-539F20B29E11}"
EndProject
Project("{2150E333-8FDC-42A3-9474-1A3956D46DE8}") = "Tests", "Tests", "{A97172E0-45A6-4ED1-B672-C63AB8DB9D0E}"
EndProject
Project("{2150E333-8FDC-42A3-9474-1A3956D46DE8}") = "Common", "Common", "{968D4D90-37F3-4C52-9F0D-392473A95D07}"
EndProject
Project("{2150E333-8FDC-42A3-9474-1A3956D46DE8}") = "Core", "Core", "{8F55F4F5-755F-4DF0-907A-581E72299720}"
EndProject
Project("{2150E333-8FDC-42A3-9474-1A3956D46DE8}") = "Infrastructure", "Infrastructure", "{48D34868-CFCA-4282-9031-5295D984F2BB}"
EndProject
Project("{2150E333-8FDC-42A3-9474-1A3956D46DE8}") = "Presentation", "Presentation", "{25C2E619-A41B-4AAF-8079-3815A77B3E5D}"
EndProject
Project("{9A19103F-16F7-4668-BE54-9A1E7A4F7556}") = "Hotel.Common", "Hotel.Common\Hotel.Common.csproj", "{CD0553C9-9FBB-4618-BA47-C0DD66AD8353}"
EndProject
Project("{9A19103F-16F7-4668-BE54-9A1E7A4F7556}") = "Hotel.Application", "Hotel.Application\Hotel.Application.csproj", "{9B9C17CA-F765-4F6D-99B6-7C8037E966CE}"
EndProject
Project("{9A19103F-16F7-4668-BE54-9A1E7A4F7556}") = "Hotel.Domain", "Hotel.Domain\Hotel.Domain.csproj", "{AC873F27-F067-42F7-894C-39080DF1E0DB}"
EndProject
Project("{9A19103F-16F7-4668-BE54-9A1E7A4F7556}") = "Hotel.Infrastructure", "Hotel.Infrastructure\Hotel.Infrastructure.csproj", "{C359C9DC-7062-42C0-8340-9AD5581F020C}"
EndProject
Project("{9A19103F-16F7-4668-BE54-9A1E7A4F7556}") = "Hotel.Persistance", "Hotel.Persistance\Hotel.Persistance.csproj", "{37BFADDA-EC8C-454E-8008-9C93CE053C4F}"
EndProject
Project("{9A19103F-16F7-4668-BE54-9A1E7A4F7556}") = "Hotel.Web.Api", "Hotel.Web.Api\Hotel.Web.Api.csproj", "{D49C608B-94EC-452E-AB94-E8A3B0104EE1}"
EndProject
Project("{9A19103F-16F7-4668-BE54-9A1E7A4F7556}") = "Hotel.Application.Tests", "Hotel.Application.Tests\Hotel.Application.Tests.csproj", "{6B71B6D2-BB45-43DF-B3E3-126580A953A5}"
EndProject
Global
	GlobalSection(SolutionConfigurationPlatforms) = preSolution
		Debug|Any CPU = Debug|Any CPU
		Release|Any CPU = Release|Any CPU
	EndGlobalSection
	GlobalSection(ProjectConfigurationPlatforms) = postSolution
		{CD0553C9-9FBB-4618-BA47-C0DD66AD8353}.Debug|Any CPU.ActiveCfg = Debug|Any CPU
		{CD0553C9-9FBB-4618-BA47-C0DD66AD8353}.Debug|Any CPU.Build.0 = Debug|Any CPU
		{CD0553C9-9FBB-4618-BA47-C0DD66AD8353}.Release|Any CPU.ActiveCfg = Release|Any CPU
		{CD0553C9-9FBB-4618-BA47-C0DD66AD8353}.Release|Any CPU.Build.0 = Release|Any CPU
		{9B9C17CA-F765-4F6D-99B6-7C8037E966CE}.Debug|Any CPU.ActiveCfg = Debug|Any CPU
		{9B9C17CA-F765-4F6D-99B6-7C8037E966CE}.Debug|Any CPU.Build.0 = Debug|Any CPU
		{9B9C17CA-F765-4F6D-99B6-7C8037E966CE}.Release|Any CPU.ActiveCfg = Release|Any CPU
		{9B9C17CA-F765-4F6D-99B6-7C8037E966CE}.Release|Any CPU.Build.0 = Release|Any CPU
		{AC873F27-F067-42F7-894C-39080DF1E0DB}.Debug|Any CPU.ActiveCfg = Debug|Any CPU
		{AC873F27-F067-42F7-894C-39080DF1E0DB}.Debug|Any CPU.Build.0 = Debug|Any CPU
		{AC873F27-F067-42F7-894C-39080DF1E0DB}.Release|Any CPU.ActiveCfg = Release|Any CPU
		{AC873F27-F067-42F7-894C-39080DF1E0DB}.Release|Any CPU.Build.0 = Release|Any CPU
		{C359C9DC-7062-42C0-8340-9AD5581F020C}.Debug|Any CPU.ActiveCfg = Debug|Any CPU
		{C359C9DC-7062-42C0-8340-9AD5581F020C}.Debug|Any CPU.Build.0 = Debug|Any CPU
		{C359C9DC-7062-42C0-8340-9AD5581F020C}.Release|Any CPU.ActiveCfg = Release|Any CPU
		{C359C9DC-7062-42C0-8340-9AD5581F020C}.Release|Any CPU.Build.0 = Release|Any CPU
		{37BFADDA-EC8C-454E-8008-9C93CE053C4F}.Debug|Any CPU.ActiveCfg = Debug|Any CPU
		{37BFADDA-EC8C-454E-8008-9C93CE053C4F}.Debug|Any CPU.Build.0 = Debug|Any CPU
		{37BFADDA-EC8C-454E-8008-9C93CE053C4F}.Release|Any CPU.ActiveCfg = Release|Any CPU
		{37BFADDA-EC8C-454E-8008-9C93CE053C4F}.Release|Any CPU.Build.0 = Release|Any CPU
		{D49C608B-94EC-452E-AB94-E8A3B0104EE1}.Debug|Any CPU.ActiveCfg = Debug|Any CPU
		{D49C608B-94EC-452E-AB94-E8A3B0104EE1}.Debug|Any CPU.Build.0 = Debug|Any CPU
		{D49C608B-94EC-452E-AB94-E8A3B0104EE1}.Release|Any CPU.ActiveCfg = Release|Any CPU
		{D49C608B-94EC-452E-AB94-E8A3B0104EE1}.Release|Any CPU.Build.0 = Release|Any CPU
		{6B71B6D2-BB45-43DF-B3E3-126580A953A5}.Debug|Any CPU.ActiveCfg = Debug|Any CPU
		{6B71B6D2-BB45-43DF-B3E3-126580A953A5}.Debug|Any CPU.Build.0 = Debug|Any CPU
		{6B71B6D2-BB45-43DF-B3E3-126580A953A5}.Release|Any CPU.ActiveCfg = Release|Any CPU
		{6B71B6D2-BB45-43DF-B3E3-126580A953A5}.Release|Any CPU.Build.0 = Release|Any CPU
	EndGlobalSection
	GlobalSection(SolutionProperties) = preSolution
		HideSolutionNode = FALSE
	EndGlobalSection
	GlobalSection(NestedProjects) = preSolution
		{968D4D90-37F3-4C52-9F0D-392473A95D07} = {02DF3C0E-D252-4558-8E64-539F20B29E11}
		{8F55F4F5-755F-4DF0-907A-581E72299720} = {02DF3C0E-D252-4558-8E64-539F20B29E11}
		{48D34868-CFCA-4282-9031-5295D984F2BB} = {02DF3C0E-D252-4558-8E64-539F20B29E11}
		{25C2E619-A41B-4AAF-8079-3815A77B3E5D} = {02DF3C0E-D252-4558-8E64-539F20B29E11}
		{CD0553C9-9FBB-4618-BA47-C0DD66AD8353} = {968D4D90-37F3-4C52-9F0D-392473A95D07}
		{9B9C17CA-F765-4F6D-99B6-7C8037E966CE} = {8F55F4F5-755F-4DF0-907A-581E72299720}
		{AC873F27-F067-42F7-894C-39080DF1E0DB} = {8F55F4F5-755F-4DF0-907A-581E72299720}
		{C359C9DC-7062-42C0-8340-9AD5581F020C} = {48D34868-CFCA-4282-9031-5295D984F2BB}
		{37BFADDA-EC8C-454E-8008-9C93CE053C4F} = {48D34868-CFCA-4282-9031-5295D984F2BB}
		{D49C608B-94EC-452E-AB94-E8A3B0104EE1} = {25C2E619-A41B-4AAF-8079-3815A77B3E5D}
		{6B71B6D2-BB45-43DF-B3E3-126580A953A5} = {A97172E0-45A6-4ED1-B672-C63AB8DB9D0E}
	EndGlobalSection
	GlobalSection(ExtensibilityGlobals) = postSolution
		SolutionGuid = {E10EFC1A-7C9B-4561-BD15-8083624FB574}
	EndGlobalSection
EndGlobal
